// !$*UTF8*$!
{
	archiveVersion = 1;
	classes = {
	};
	objectVersion = 56;
	objects = {

/* Begin PBXBuildFile section */
		B704A91F2BE6CE06004D5164 /* brand02.png in Resources */ = {isa = PBXBuildFile; fileRef = B704A9192BE6CE06004D5164 /* brand02.png */; };
		B704A9202BE6CE06004D5164 /* brand05.png in Resources */ = {isa = PBXBuildFile; fileRef = B704A91A2BE6CE06004D5164 /* brand05.png */; };
		B704A9212BE6CE06004D5164 /* brand06.png in Resources */ = {isa = PBXBuildFile; fileRef = B704A91B2BE6CE06004D5164 /* brand06.png */; };
		B704A9222BE6CE06004D5164 /* brand01.png in Resources */ = {isa = PBXBuildFile; fileRef = B704A91C2BE6CE06004D5164 /* brand01.png */; };
		B704A9232BE6CE06004D5164 /* brand03.png in Resources */ = {isa = PBXBuildFile; fileRef = B704A91D2BE6CE06004D5164 /* brand03.png */; };
		B704A9242BE6CE06004D5164 /* brand04.png in Resources */ = {isa = PBXBuildFile; fileRef = B704A91E2BE6CE06004D5164 /* brand04.png */; };
		B70A90002BE0654B002DCDB7 /* JugueteDetalleViewController.swift in Sources */ = {isa = PBXBuildFile; fileRef = B70A8FFF2BE0654B002DCDB7 /* JugueteDetalleViewController.swift */; };
		B724C6F62BD5691B00B40669 /* simbolo-de-copyright.png in Resources */ = {isa = PBXBuildFile; fileRef = B724C6F12BD5691B00B40669 /* simbolo-de-copyright.png */; };
		B724C6F72BD5691B00B40669 /* inventario.png in Resources */ = {isa = PBXBuildFile; fileRef = B724C6F22BD5691B00B40669 /* inventario.png */; };
		B724C6F82BD5691B00B40669 /* usuario.png in Resources */ = {isa = PBXBuildFile; fileRef = B724C6F32BD5691B00B40669 /* usuario.png */; };
		B724C6F92BD5691B00B40669 /* dog-food-removebg-preview.png in Resources */ = {isa = PBXBuildFile; fileRef = B724C6F42BD5691B00B40669 /* dog-food-removebg-preview.png */; };
		B724C6FA2BD5691B00B40669 /* bloqueo-alternativo.png in Resources */ = {isa = PBXBuildFile; fileRef = B724C6F52BD5691B00B40669 /* bloqueo-alternativo.png */; };
		B724C7012BD5858D00B40669 /* StockTrackerDataModel.xcdatamodeld in Sources */ = {isa = PBXBuildFile; fileRef = B724C6FF2BD5858D00B40669 /* StockTrackerDataModel.xcdatamodeld */; };
		B7684E4D2BE7088400C5CA7D /* PerrosViewController.swift in Sources */ = {isa = PBXBuildFile; fileRef = B7684E4C2BE7088400C5CA7D /* PerrosViewController.swift */; };
		B7684E4F2BE7096F00C5CA7D /* PerroTableViewCell.swift in Sources */ = {isa = PBXBuildFile; fileRef = B7684E4E2BE7096F00C5CA7D /* PerroTableViewCell.swift */; };
		B7684E512BE70D9600C5CA7D /* PerroDetalleViewController.swift in Sources */ = {isa = PBXBuildFile; fileRef = B7684E502BE70D9600C5CA7D /* PerroDetalleViewController.swift */; };
		B7684E542BE7119000C5CA7D /* GatoViewController.swift in Sources */ = {isa = PBXBuildFile; fileRef = B7684E532BE7119000C5CA7D /* GatoViewController.swift */; };
		B7684E582BE711C500C5CA7D /* GatoDetalleViewController.swift in Sources */ = {isa = PBXBuildFile; fileRef = B7684E572BE711C500C5CA7D /* GatoDetalleViewController.swift */; };
		B7684E5A2BE711ED00C5CA7D /* GatoTableViewCell.swift in Sources */ = {isa = PBXBuildFile; fileRef = B7684E592BE711ED00C5CA7D /* GatoTableViewCell.swift */; };
		B780C1812BDEA12E00287A26 /* JuguetesViewController.swift in Sources */ = {isa = PBXBuildFile; fileRef = B780C1802BDEA12E00287A26 /* JuguetesViewController.swift */; };
		B780C1832BDEA1C800287A26 /* JugueteTableViewCell.swift in Sources */ = {isa = PBXBuildFile; fileRef = B780C1822BDEA1C800287A26 /* JugueteTableViewCell.swift */; };
		B78D6B342BCADDDC00BC15A1 /* AppDelegate.swift in Sources */ = {isa = PBXBuildFile; fileRef = B78D6B332BCADDDC00BC15A1 /* AppDelegate.swift */; };
		B78D6B362BCADDDC00BC15A1 /* SceneDelegate.swift in Sources */ = {isa = PBXBuildFile; fileRef = B78D6B352BCADDDC00BC15A1 /* SceneDelegate.swift */; };
		B78D6B382BCADDDC00BC15A1 /* ViewController.swift in Sources */ = {isa = PBXBuildFile; fileRef = B78D6B372BCADDDC00BC15A1 /* ViewController.swift */; };
		B78D6B3B2BCADDDC00BC15A1 /* Main.storyboard in Resources */ = {isa = PBXBuildFile; fileRef = B78D6B392BCADDDC00BC15A1 /* Main.storyboard */; };
		B78D6B3D2BCADDDD00BC15A1 /* Assets.xcassets in Resources */ = {isa = PBXBuildFile; fileRef = B78D6B3C2BCADDDD00BC15A1 /* Assets.xcassets */; };
		B78D6B402BCADDDD00BC15A1 /* LaunchScreen.storyboard in Resources */ = {isa = PBXBuildFile; fileRef = B78D6B3E2BCADDDD00BC15A1 /* LaunchScreen.storyboard */; };
		B78D6B482BCADF0800BC15A1 /* loginViewController.swift in Sources */ = {isa = PBXBuildFile; fileRef = B78D6B472BCADF0800BC15A1 /* loginViewController.swift */; };
		B7A5B2992BE6F2E100C83AA0 /* AccionesViewController.swift in Sources */ = {isa = PBXBuildFile; fileRef = B7A5B2982BE6F2E100C83AA0 /* AccionesViewController.swift */; };
		B7A5B29B2BE6F67700C83AA0 /* CategoriasViewController.swift in Sources */ = {isa = PBXBuildFile; fileRef = B7A5B29A2BE6F67700C83AA0 /* CategoriasViewController.swift */; };
		B7F8624B2BED97AE001C50AD /* UtilityFunctions.swift in Sources */ = {isa = PBXBuildFile; fileRef = B7F8624A2BED97AE001C50AD /* UtilityFunctions.swift */; };
/* End PBXBuildFile section */

/* Begin PBXFileReference section */
		B704A9192BE6CE06004D5164 /* brand02.png */ = {isa = PBXFileReference; lastKnownFileType = image.png; path = brand02.png; sourceTree = "<group>"; };
		B704A91A2BE6CE06004D5164 /* brand05.png */ = {isa = PBXFileReference; lastKnownFileType = image.png; path = brand05.png; sourceTree = "<group>"; };
		B704A91B2BE6CE06004D5164 /* brand06.png */ = {isa = PBXFileReference; lastKnownFileType = image.png; path = brand06.png; sourceTree = "<group>"; };
		B704A91C2BE6CE06004D5164 /* brand01.png */ = {isa = PBXFileReference; lastKnownFileType = image.png; path = brand01.png; sourceTree = "<group>"; };
		B704A91D2BE6CE06004D5164 /* brand03.png */ = {isa = PBXFileReference; lastKnownFileType = image.png; path = brand03.png; sourceTree = "<group>"; };
		B704A91E2BE6CE06004D5164 /* brand04.png */ = {isa = PBXFileReference; lastKnownFileType = image.png; path = brand04.png; sourceTree = "<group>"; };
		B70A8FFF2BE0654B002DCDB7 /* JugueteDetalleViewController.swift */ = {isa = PBXFileReference; lastKnownFileType = sourcecode.swift; path = JugueteDetalleViewController.swift; sourceTree = "<group>"; };
		B724C6F12BD5691B00B40669 /* simbolo-de-copyright.png */ = {isa = PBXFileReference; lastKnownFileType = image.png; name = "simbolo-de-copyright.png"; path = "img/simbolo-de-copyright.png"; sourceTree = "<group>"; };
		B724C6F22BD5691B00B40669 /* inventario.png */ = {isa = PBXFileReference; lastKnownFileType = image.png; name = inventario.png; path = img/inventario.png; sourceTree = "<group>"; };
		B724C6F32BD5691B00B40669 /* usuario.png */ = {isa = PBXFileReference; lastKnownFileType = image.png; name = usuario.png; path = img/usuario.png; sourceTree = "<group>"; };
		B724C6F42BD5691B00B40669 /* dog-food-removebg-preview.png */ = {isa = PBXFileReference; lastKnownFileType = image.png; name = "dog-food-removebg-preview.png"; path = "img/dog-food-removebg-preview.png"; sourceTree = "<group>"; };
		B724C6F52BD5691B00B40669 /* bloqueo-alternativo.png */ = {isa = PBXFileReference; lastKnownFileType = image.png; name = "bloqueo-alternativo.png"; path = "img/bloqueo-alternativo.png"; sourceTree = "<group>"; };
		B724C7002BD5858D00B40669 /* StockTrackerDataModel.xcdatamodel */ = {isa = PBXFileReference; lastKnownFileType = wrapper.xcdatamodel; path = StockTrackerDataModel.xcdatamodel; sourceTree = "<group>"; };
		B7684E4C2BE7088400C5CA7D /* PerrosViewController.swift */ = {isa = PBXFileReference; lastKnownFileType = sourcecode.swift; path = PerrosViewController.swift; sourceTree = "<group>"; };
		B7684E4E2BE7096F00C5CA7D /* PerroTableViewCell.swift */ = {isa = PBXFileReference; lastKnownFileType = sourcecode.swift; path = PerroTableViewCell.swift; sourceTree = "<group>"; };
		B7684E502BE70D9600C5CA7D /* PerroDetalleViewController.swift */ = {isa = PBXFileReference; lastKnownFileType = sourcecode.swift; path = PerroDetalleViewController.swift; sourceTree = "<group>"; };
		B7684E532BE7119000C5CA7D /* GatoViewController.swift */ = {isa = PBXFileReference; lastKnownFileType = sourcecode.swift; path = GatoViewController.swift; sourceTree = "<group>"; };
		B7684E572BE711C500C5CA7D /* GatoDetalleViewController.swift */ = {isa = PBXFileReference; lastKnownFileType = sourcecode.swift; path = GatoDetalleViewController.swift; sourceTree = "<group>"; };
		B7684E592BE711ED00C5CA7D /* GatoTableViewCell.swift */ = {isa = PBXFileReference; lastKnownFileType = sourcecode.swift; path = GatoTableViewCell.swift; sourceTree = "<group>"; };
		B780C1802BDEA12E00287A26 /* JuguetesViewController.swift */ = {isa = PBXFileReference; lastKnownFileType = sourcecode.swift; path = JuguetesViewController.swift; sourceTree = "<group>"; };
		B780C1822BDEA1C800287A26 /* JugueteTableViewCell.swift */ = {isa = PBXFileReference; lastKnownFileType = sourcecode.swift; path = JugueteTableViewCell.swift; sourceTree = "<group>"; };
		B78D6B302BCADDDC00BC15A1 /* ProyectoDAMII.app */ = {isa = PBXFileReference; explicitFileType = wrapper.application; includeInIndex = 0; path = ProyectoDAMII.app; sourceTree = BUILT_PRODUCTS_DIR; };
		B78D6B332BCADDDC00BC15A1 /* AppDelegate.swift */ = {isa = PBXFileReference; lastKnownFileType = sourcecode.swift; path = AppDelegate.swift; sourceTree = "<group>"; };
		B78D6B352BCADDDC00BC15A1 /* SceneDelegate.swift */ = {isa = PBXFileReference; lastKnownFileType = sourcecode.swift; path = SceneDelegate.swift; sourceTree = "<group>"; };
		B78D6B372BCADDDC00BC15A1 /* ViewController.swift */ = {isa = PBXFileReference; lastKnownFileType = sourcecode.swift; path = ViewController.swift; sourceTree = "<group>"; };
		B78D6B3A2BCADDDC00BC15A1 /* Base */ = {isa = PBXFileReference; lastKnownFileType = file.storyboard; name = Base; path = Base.lproj/Main.storyboard; sourceTree = "<group>"; };
		B78D6B3C2BCADDDD00BC15A1 /* Assets.xcassets */ = {isa = PBXFileReference; lastKnownFileType = folder.assetcatalog; path = Assets.xcassets; sourceTree = "<group>"; };
		B78D6B3F2BCADDDD00BC15A1 /* Base */ = {isa = PBXFileReference; lastKnownFileType = file.storyboard; name = Base; path = Base.lproj/LaunchScreen.storyboard; sourceTree = "<group>"; };
		B78D6B412BCADDDD00BC15A1 /* Info.plist */ = {isa = PBXFileReference; lastKnownFileType = text.plist.xml; path = Info.plist; sourceTree = "<group>"; };
		B78D6B472BCADF0800BC15A1 /* loginViewController.swift */ = {isa = PBXFileReference; lastKnownFileType = sourcecode.swift; path = loginViewController.swift; sourceTree = "<group>"; };
		B7A5B2982BE6F2E100C83AA0 /* AccionesViewController.swift */ = {isa = PBXFileReference; lastKnownFileType = sourcecode.swift; path = AccionesViewController.swift; sourceTree = "<group>"; };
		B7A5B29A2BE6F67700C83AA0 /* CategoriasViewController.swift */ = {isa = PBXFileReference; lastKnownFileType = sourcecode.swift; path = CategoriasViewController.swift; sourceTree = "<group>"; };
		B7F8624A2BED97AE001C50AD /* UtilityFunctions.swift */ = {isa = PBXFileReference; lastKnownFileType = sourcecode.swift; path = UtilityFunctions.swift; sourceTree = "<group>"; };
/* End PBXFileReference section */

/* Begin PBXFrameworksBuildPhase section */
		B78D6B2D2BCADDDC00BC15A1 /* Frameworks */ = {
			isa = PBXFrameworksBuildPhase;
			buildActionMask = 2147483647;
			files = (
			);
			runOnlyForDeploymentPostprocessing = 0;
		};
/* End PBXFrameworksBuildPhase section */

/* Begin PBXGroup section */
		B724C6F02BD568AA00B40669 /* img */ = {
			isa = PBXGroup;
			children = (
			);
			path = img;
			sourceTree = "<group>";
		};
		B7684E522BE7112C00C5CA7D /* Perros */ = {
			isa = PBXGroup;
			children = (
				B7684E4C2BE7088400C5CA7D /* PerrosViewController.swift */,
				B7684E4E2BE7096F00C5CA7D /* PerroTableViewCell.swift */,
				B7684E502BE70D9600C5CA7D /* PerroDetalleViewController.swift */,
			);
			path = Perros;
			sourceTree = "<group>";
		};
		B78378722BE6A4E000BF3BE0 /* Juguetes */ = {
			isa = PBXGroup;
			children = (
				B70A8FFF2BE0654B002DCDB7 /* JugueteDetalleViewController.swift */,
				B780C1822BDEA1C800287A26 /* JugueteTableViewCell.swift */,
				B780C1802BDEA12E00287A26 /* JuguetesViewController.swift */,
			);
			path = Juguetes;
			sourceTree = "<group>";
		};
		B78D6B272BCADDDC00BC15A1 = {
			isa = PBXGroup;
			children = (
				B78D6B322BCADDDC00BC15A1 /* ProyectoDAMII */,
				B78D6B312BCADDDC00BC15A1 /* Products */,
			);
			sourceTree = "<group>";
		};
		B78D6B312BCADDDC00BC15A1 /* Products */ = {
			isa = PBXGroup;
			children = (
				B78D6B302BCADDDC00BC15A1 /* ProyectoDAMII.app */,
			);
			name = Products;
			sourceTree = "<group>";
		};
		B78D6B322BCADDDC00BC15A1 /* ProyectoDAMII */ = {
			isa = PBXGroup;
			children = (
				B7684E522BE7112C00C5CA7D /* Perros */,
				B704A91C2BE6CE06004D5164 /* brand01.png */,
				B704A9192BE6CE06004D5164 /* brand02.png */,
				B704A91D2BE6CE06004D5164 /* brand03.png */,
				B704A91E2BE6CE06004D5164 /* brand04.png */,
				B704A91A2BE6CE06004D5164 /* brand05.png */,
				B704A91B2BE6CE06004D5164 /* brand06.png */,
				B78378722BE6A4E000BF3BE0 /* Juguetes */,
				B7A5B2982BE6F2E100C83AA0 /* AccionesViewController.swift */,
				B724C6F52BD5691B00B40669 /* bloqueo-alternativo.png */,
				B724C6F42BD5691B00B40669 /* dog-food-removebg-preview.png */,
				B724C6F22BD5691B00B40669 /* inventario.png */,
				B724C6F12BD5691B00B40669 /* simbolo-de-copyright.png */,
				B724C6F32BD5691B00B40669 /* usuario.png */,
				B724C6F02BD568AA00B40669 /* img */,
				B78D6B332BCADDDC00BC15A1 /* AppDelegate.swift */,
				B78D6B352BCADDDC00BC15A1 /* SceneDelegate.swift */,
				B78D6B372BCADDDC00BC15A1 /* ViewController.swift */,
				B78D6B392BCADDDC00BC15A1 /* Main.storyboard */,
				B78D6B3C2BCADDDD00BC15A1 /* Assets.xcassets */,
				B78D6B3E2BCADDDD00BC15A1 /* LaunchScreen.storyboard */,
				B78D6B412BCADDDD00BC15A1 /* Info.plist */,
				B78D6B472BCADF0800BC15A1 /* loginViewController.swift */,
				B724C6FF2BD5858D00B40669 /* StockTrackerDataModel.xcdatamodeld */,
				B7A5B29A2BE6F67700C83AA0 /* CategoriasViewController.swift */,
				B7684E532BE7119000C5CA7D /* GatoViewController.swift */,
				B7684E572BE711C500C5CA7D /* GatoDetalleViewController.swift */,
				B7684E592BE711ED00C5CA7D /* GatoTableViewCell.swift */,
				B7F8624A2BED97AE001C50AD /* UtilityFunctions.swift */,
			);
			path = ProyectoDAMII;
			sourceTree = "<group>";
		};
/* End PBXGroup section */

/* Begin PBXNativeTarget section */
		B78D6B2F2BCADDDC00BC15A1 /* ProyectoDAMII */ = {
			isa = PBXNativeTarget;
			buildConfigurationList = B78D6B442BCADDDD00BC15A1 /* Build configuration list for PBXNativeTarget "ProyectoDAMII" */;
			buildPhases = (
				B78D6B2C2BCADDDC00BC15A1 /* Sources */,
				B78D6B2D2BCADDDC00BC15A1 /* Frameworks */,
				B78D6B2E2BCADDDC00BC15A1 /* Resources */,
			);
			buildRules = (
			);
			dependencies = (
			);
			name = ProyectoDAMII;
			productName = ProyectoDAMII;
			productReference = B78D6B302BCADDDC00BC15A1 /* ProyectoDAMII.app */;
			productType = "com.apple.product-type.application";
		};
/* End PBXNativeTarget section */

/* Begin PBXProject section */
		B78D6B282BCADDDC00BC15A1 /* Project object */ = {
			isa = PBXProject;
			attributes = {
				BuildIndependentTargetsInParallel = 1;
				LastSwiftUpdateCheck = 1520;
				LastUpgradeCheck = 1520;
				TargetAttributes = {
					B78D6B2F2BCADDDC00BC15A1 = {
						CreatedOnToolsVersion = 15.2;
					};
				};
			};
			buildConfigurationList = B78D6B2B2BCADDDC00BC15A1 /* Build configuration list for PBXProject "ProyectoDAMII" */;
			compatibilityVersion = "Xcode 14.0";
			developmentRegion = en;
			hasScannedForEncodings = 0;
			knownRegions = (
				en,
				Base,
			);
			mainGroup = B78D6B272BCADDDC00BC15A1;
			productRefGroup = B78D6B312BCADDDC00BC15A1 /* Products */;
			projectDirPath = "";
			projectRoot = "";
			targets = (
				B78D6B2F2BCADDDC00BC15A1 /* ProyectoDAMII */,
			);
		};
/* End PBXProject section */

/* Begin PBXResourcesBuildPhase section */
		B78D6B2E2BCADDDC00BC15A1 /* Resources */ = {
			isa = PBXResourcesBuildPhase;
			buildActionMask = 2147483647;
			files = (
				B724C6F62BD5691B00B40669 /* simbolo-de-copyright.png in Resources */,
				B724C6F72BD5691B00B40669 /* inventario.png in Resources */,
				B704A9232BE6CE06004D5164 /* brand03.png in Resources */,
				B724C6F82BD5691B00B40669 /* usuario.png in Resources */,
				B78D6B402BCADDDD00BC15A1 /* LaunchScreen.storyboard in Resources */,
				B704A9242BE6CE06004D5164 /* brand04.png in Resources */,
				B704A9212BE6CE06004D5164 /* brand06.png in Resources */,
				B724C6F92BD5691B00B40669 /* dog-food-removebg-preview.png in Resources */,
				B78D6B3D2BCADDDD00BC15A1 /* Assets.xcassets in Resources */,
				B78D6B3B2BCADDDC00BC15A1 /* Main.storyboard in Resources */,
				B704A91F2BE6CE06004D5164 /* brand02.png in Resources */,
				B704A9202BE6CE06004D5164 /* brand05.png in Resources */,
				B704A9222BE6CE06004D5164 /* brand01.png in Resources */,
				B724C6FA2BD5691B00B40669 /* bloqueo-alternativo.png in Resources */,
			);
			runOnlyForDeploymentPostprocessing = 0;
		};
/* End PBXResourcesBuildPhase section */

/* Begin PBXSourcesBuildPhase section */
		B78D6B2C2BCADDDC00BC15A1 /* Sources */ = {
			isa = PBXSourcesBuildPhase;
			buildActionMask = 2147483647;
			files = (
				B7684E5A2BE711ED00C5CA7D /* GatoTableViewCell.swift in Sources */,
				B70A90002BE0654B002DCDB7 /* JugueteDetalleViewController.swift in Sources */,
				B7A5B2992BE6F2E100C83AA0 /* AccionesViewController.swift in Sources */,
				B7684E512BE70D9600C5CA7D /* PerroDetalleViewController.swift in Sources */,
				B78D6B482BCADF0800BC15A1 /* loginViewController.swift in Sources */,
				B780C1832BDEA1C800287A26 /* JugueteTableViewCell.swift in Sources */,
				B7684E4D2BE7088400C5CA7D /* PerrosViewController.swift in Sources */,
				B7A5B29B2BE6F67700C83AA0 /* CategoriasViewController.swift in Sources */,
				B78D6B382BCADDDC00BC15A1 /* ViewController.swift in Sources */,
				B78D6B342BCADDDC00BC15A1 /* AppDelegate.swift in Sources */,
				B724C7012BD5858D00B40669 /* StockTrackerDataModel.xcdatamodeld in Sources */,
				B780C1812BDEA12E00287A26 /* JuguetesViewController.swift in Sources */,
				B7F8624B2BED97AE001C50AD /* UtilityFunctions.swift in Sources */,
				B7684E4F2BE7096F00C5CA7D /* PerroTableViewCell.swift in Sources */,
				B78D6B362BCADDDC00BC15A1 /* SceneDelegate.swift in Sources */,
				B7684E542BE7119000C5CA7D /* GatoViewController.swift in Sources */,
				B7684E582BE711C500C5CA7D /* GatoDetalleViewController.swift in Sources */,
			);
			runOnlyForDeploymentPostprocessing = 0;
		};
/* End PBXSourcesBuildPhase section */

/* Begin PBXVariantGroup section */
		B78D6B392BCADDDC00BC15A1 /* Main.storyboard */ = {
			isa = PBXVariantGroup;
			children = (
				B78D6B3A2BCADDDC00BC15A1 /* Base */,
			);
			name = Main.storyboard;
			sourceTree = "<group>";
		};
		B78D6B3E2BCADDDD00BC15A1 /* LaunchScreen.storyboard */ = {
			isa = PBXVariantGroup;
			children = (
				B78D6B3F2BCADDDD00BC15A1 /* Base */,
			);
			name = LaunchScreen.storyboard;
			sourceTree = "<group>";
		};
/* End PBXVariantGroup section */

/* Begin XCBuildConfiguration section */
		B78D6B422BCADDDD00BC15A1 /* Debug */ = {
			isa = XCBuildConfiguration;
			buildSettings = {
				ALWAYS_SEARCH_USER_PATHS = NO;
				ASSETCATALOG_COMPILER_GENERATE_SWIFT_ASSET_SYMBOL_EXTENSIONS = YES;
				CLANG_ANALYZER_NONNULL = YES;
				CLANG_ANALYZER_NUMBER_OBJECT_CONVERSION = YES_AGGRESSIVE;
				CLANG_CXX_LANGUAGE_STANDARD = "gnu++20";
				CLANG_ENABLE_MODULES = YES;
				CLANG_ENABLE_OBJC_ARC = YES;
				CLANG_ENABLE_OBJC_WEAK = YES;
				CLANG_WARN_BLOCK_CAPTURE_AUTORELEASING = YES;
				CLANG_WARN_BOOL_CONVERSION = YES;
				CLANG_WARN_COMMA = YES;
				CLANG_WARN_CONSTANT_CONVERSION = YES;
				CLANG_WARN_DEPRECATED_OBJC_IMPLEMENTATIONS = YES;
				CLANG_WARN_DIRECT_OBJC_ISA_USAGE = YES_ERROR;
				CLANG_WARN_DOCUMENTATION_COMMENTS = YES;
				CLANG_WARN_EMPTY_BODY = YES;
				CLANG_WARN_ENUM_CONVERSION = YES;
				CLANG_WARN_INFINITE_RECURSION = YES;
				CLANG_WARN_INT_CONVERSION = YES;
				CLANG_WARN_NON_LITERAL_NULL_CONVERSION = YES;
				CLANG_WARN_OBJC_IMPLICIT_RETAIN_SELF = YES;
				CLANG_WARN_OBJC_LITERAL_CONVERSION = YES;
				CLANG_WARN_OBJC_ROOT_CLASS = YES_ERROR;
				CLANG_WARN_QUOTED_INCLUDE_IN_FRAMEWORK_HEADER = YES;
				CLANG_WARN_RANGE_LOOP_ANALYSIS = YES;
				CLANG_WARN_STRICT_PROTOTYPES = YES;
				CLANG_WARN_SUSPICIOUS_MOVE = YES;
				CLANG_WARN_UNGUARDED_AVAILABILITY = YES_AGGRESSIVE;
				CLANG_WARN_UNREACHABLE_CODE = YES;
				CLANG_WARN__DUPLICATE_METHOD_MATCH = YES;
				COPY_PHASE_STRIP = NO;
				DEBUG_INFORMATION_FORMAT = dwarf;
				ENABLE_STRICT_OBJC_MSGSEND = YES;
				ENABLE_TESTABILITY = YES;
				ENABLE_USER_SCRIPT_SANDBOXING = YES;
				GCC_C_LANGUAGE_STANDARD = gnu17;
				GCC_DYNAMIC_NO_PIC = NO;
				GCC_NO_COMMON_BLOCKS = YES;
				GCC_OPTIMIZATION_LEVEL = 0;
				GCC_PREPROCESSOR_DEFINITIONS = (
					"DEBUG=1",
					"$(inherited)",
				);
				GCC_WARN_64_TO_32_BIT_CONVERSION = YES;
				GCC_WARN_ABOUT_RETURN_TYPE = YES_ERROR;
				GCC_WARN_UNDECLARED_SELECTOR = YES;
				GCC_WARN_UNINITIALIZED_AUTOS = YES_AGGRESSIVE;
				GCC_WARN_UNUSED_FUNCTION = YES;
				GCC_WARN_UNUSED_VARIABLE = YES;
				IPHONEOS_DEPLOYMENT_TARGET = 17.2;
				LOCALIZATION_PREFERS_STRING_CATALOGS = YES;
				MTL_ENABLE_DEBUG_INFO = INCLUDE_SOURCE;
				MTL_FAST_MATH = YES;
				ONLY_ACTIVE_ARCH = YES;
				SDKROOT = iphoneos;
				SWIFT_ACTIVE_COMPILATION_CONDITIONS = "DEBUG $(inherited)";
				SWIFT_OPTIMIZATION_LEVEL = "-Onone";
			};
			name = Debug;
		};
		B78D6B432BCADDDD00BC15A1 /* Release */ = {
			isa = XCBuildConfiguration;
			buildSettings = {
				ALWAYS_SEARCH_USER_PATHS = NO;
				ASSETCATALOG_COMPILER_GENERATE_SWIFT_ASSET_SYMBOL_EXTENSIONS = YES;
				CLANG_ANALYZER_NONNULL = YES;
				CLANG_ANALYZER_NUMBER_OBJECT_CONVERSION = YES_AGGRESSIVE;
				CLANG_CXX_LANGUAGE_STANDARD = "gnu++20";
				CLANG_ENABLE_MODULES = YES;
				CLANG_ENABLE_OBJC_ARC = YES;
				CLANG_ENABLE_OBJC_WEAK = YES;
				CLANG_WARN_BLOCK_CAPTURE_AUTORELEASING = YES;
				CLANG_WARN_BOOL_CONVERSION = YES;
				CLANG_WARN_COMMA = YES;
				CLANG_WARN_CONSTANT_CONVERSION = YES;
				CLANG_WARN_DEPRECATED_OBJC_IMPLEMENTATIONS = YES;
				CLANG_WARN_DIRECT_OBJC_ISA_USAGE = YES_ERROR;
				CLANG_WARN_DOCUMENTATION_COMMENTS = YES;
				CLANG_WARN_EMPTY_BODY = YES;
				CLANG_WARN_ENUM_CONVERSION = YES;
				CLANG_WARN_INFINITE_RECURSION = YES;
				CLANG_WARN_INT_CONVERSION = YES;
				CLANG_WARN_NON_LITERAL_NULL_CONVERSION = YES;
				CLANG_WARN_OBJC_IMPLICIT_RETAIN_SELF = YES;
				CLANG_WARN_OBJC_LITERAL_CONVERSION = YES;
				CLANG_WARN_OBJC_ROOT_CLASS = YES_ERROR;
				CLANG_WARN_QUOTED_INCLUDE_IN_FRAMEWORK_HEADER = YES;
				CLANG_WARN_RANGE_LOOP_ANALYSIS = YES;
				CLANG_WARN_STRICT_PROTOTYPES = YES;
				CLANG_WARN_SUSPICIOUS_MOVE = YES;
				CLANG_WARN_UNGUARDED_AVAILABILITY = YES_AGGRESSIVE;
				CLANG_WARN_UNREACHABLE_CODE = YES;
				CLANG_WARN__DUPLICATE_METHOD_MATCH = YES;
				COPY_PHASE_STRIP = NO;
				DEBUG_INFORMATION_FORMAT = "dwarf-with-dsym";
				ENABLE_NS_ASSERTIONS = NO;
				ENABLE_STRICT_OBJC_MSGSEND = YES;
				ENABLE_USER_SCRIPT_SANDBOXING = YES;
				GCC_C_LANGUAGE_STANDARD = gnu17;
				GCC_NO_COMMON_BLOCKS = YES;
				GCC_WARN_64_TO_32_BIT_CONVERSION = YES;
				GCC_WARN_ABOUT_RETURN_TYPE = YES_ERROR;
				GCC_WARN_UNDECLARED_SELECTOR = YES;
				GCC_WARN_UNINITIALIZED_AUTOS = YES_AGGRESSIVE;
				GCC_WARN_UNUSED_FUNCTION = YES;
				GCC_WARN_UNUSED_VARIABLE = YES;
				IPHONEOS_DEPLOYMENT_TARGET = 17.2;
				LOCALIZATION_PREFERS_STRING_CATALOGS = YES;
				MTL_ENABLE_DEBUG_INFO = NO;
				MTL_FAST_MATH = YES;
				SDKROOT = iphoneos;
				SWIFT_COMPILATION_MODE = wholemodule;
				VALIDATE_PRODUCT = YES;
			};
			name = Release;
		};
		B78D6B452BCADDDD00BC15A1 /* Debug */ = {
			isa = XCBuildConfiguration;
			buildSettings = {
				ASSETCATALOG_COMPILER_APPICON_NAME = AppIcon;
				ASSETCATALOG_COMPILER_GLOBAL_ACCENT_COLOR_NAME = AccentColor;
				CODE_SIGN_STYLE = Automatic;
				CURRENT_PROJECT_VERSION = 1;
				GENERATE_INFOPLIST_FILE = YES;
				INFOPLIST_FILE = ProyectoDAMII/Info.plist;
				INFOPLIST_KEY_UIApplicationSupportsIndirectInputEvents = YES;
				INFOPLIST_KEY_UILaunchStoryboardName = LaunchScreen.storyboard;
				INFOPLIST_KEY_UIMainStoryboardFile = Main;
				INFOPLIST_KEY_UISupportedInterfaceOrientations_iPad = "UIInterfaceOrientationPortrait UIInterfaceOrientationPortraitUpsideDown UIInterfaceOrientationLandscapeLeft UIInterfaceOrientationLandscapeRight";
				INFOPLIST_KEY_UISupportedInterfaceOrientations_iPhone = "UIInterfaceOrientationPortrait UIInterfaceOrientationLandscapeLeft UIInterfaceOrientationLandscapeRight";
				LD_RUNPATH_SEARCH_PATHS = (
					"$(inherited)",
					"@executable_path/Frameworks",
				);
				MARKETING_VERSION = 1.0;
				PRODUCT_BUNDLE_IDENTIFIER = cibertec.ProyectoDAMII;
				PRODUCT_NAME = "$(TARGET_NAME)";
				SWIFT_EMIT_LOC_STRINGS = YES;
				SWIFT_VERSION = 5.0;
				TARGETED_DEVICE_FAMILY = "1,2";
			};
			name = Debug;
		};
		B78D6B462BCADDDD00BC15A1 /* Release */ = {
			isa = XCBuildConfiguration;
			buildSettings = {
				ASSETCATALOG_COMPILER_APPICON_NAME = AppIcon;
				ASSETCATALOG_COMPILER_GLOBAL_ACCENT_COLOR_NAME = AccentColor;
				CODE_SIGN_STYLE = Automatic;
				CURRENT_PROJECT_VERSION = 1;
				GENERATE_INFOPLIST_FILE = YES;
				INFOPLIST_FILE = ProyectoDAMII/Info.plist;
				INFOPLIST_KEY_UIApplicationSupportsIndirectInputEvents = YES;
				INFOPLIST_KEY_UILaunchStoryboardName = LaunchScreen.storyboard;
				INFOPLIST_KEY_UIMainStoryboardFile = Main;
				INFOPLIST_KEY_UISupportedInterfaceOrientations_iPad = "UIInterfaceOrientationPortrait UIInterfaceOrientationPortraitUpsideDown UIInterfaceOrientationLandscapeLeft UIInterfaceOrientationLandscapeRight";
				INFOPLIST_KEY_UISupportedInterfaceOrientations_iPhone = "UIInterfaceOrientationPortrait UIInterfaceOrientationLandscapeLeft UIInterfaceOrientationLandscapeRight";
				LD_RUNPATH_SEARCH_PATHS = (
					"$(inherited)",
					"@executable_path/Frameworks",
				);
				MARKETING_VERSION = 1.0;
				PRODUCT_BUNDLE_IDENTIFIER = cibertec.ProyectoDAMII;
				PRODUCT_NAME = "$(TARGET_NAME)";
				SWIFT_EMIT_LOC_STRINGS = YES;
				SWIFT_VERSION = 5.0;
				TARGETED_DEVICE_FAMILY = "1,2";
			};
			name = Release;
		};
/* End XCBuildConfiguration section */

/* Begin XCConfigurationList section */
		B78D6B2B2BCADDDC00BC15A1 /* Build configuration list for PBXProject "ProyectoDAMII" */ = {
			isa = XCConfigurationList;
			buildConfigurations = (
				B78D6B422BCADDDD00BC15A1 /* Debug */,
				B78D6B432BCADDDD00BC15A1 /* Release */,
			);
			defaultConfigurationIsVisible = 0;
			defaultConfigurationName = Release;
		};
		B78D6B442BCADDDD00BC15A1 /* Build configuration list for PBXNativeTarget "ProyectoDAMII" */ = {
			isa = XCConfigurationList;
			buildConfigurations = (
				B78D6B452BCADDDD00BC15A1 /* Debug */,
				B78D6B462BCADDDD00BC15A1 /* Release */,
			);
			defaultConfigurationIsVisible = 0;
			defaultConfigurationName = Release;
		};
/* End XCConfigurationList section */

/* Begin XCVersionGroup section */
		B724C6FF2BD5858D00B40669 /* StockTrackerDataModel.xcdatamodeld */ = {
			isa = XCVersionGroup;
			children = (
				B724C7002BD5858D00B40669 /* StockTrackerDataModel.xcdatamodel */,
			);
			currentVersion = B724C7002BD5858D00B40669 /* StockTrackerDataModel.xcdatamodel */;
			path = StockTrackerDataModel.xcdatamodeld;
			sourceTree = "<group>";
			versionGroupType = wrapper.xcdatamodel;
		};
/* End XCVersionGroup section */
	};
	rootObject = B78D6B282BCADDDC00BC15A1 /* Project object */;
}
